// !$*UTF8*$!
{
	archiveVersion = 1;
	classes = {
	};
	objectVersion = 50;
	objects = {

/* Begin PBXBuildFile section */
		2B2FAF79C4686599BAA2F889 /* Pods_SnapEngage.framework in Frameworks */ = {isa = PBXBuildFile; fileRef = 7D02435AE94B5DECCB421A35 /* Pods_SnapEngage.framework */; };
		EFF2FFE85191AA0804FB9E91 /* Pods_SnapEngageTests.framework in Frameworks */ = {isa = PBXBuildFile; fileRef = 53602006450A343C72FE8BFE /* Pods_SnapEngageTests.framework */; };
		FF23A9822447179600CF37E2 /* Assets.xcassets in Resources */ = {isa = PBXBuildFile; fileRef = FF23A9812447179600CF37E2 /* Assets.xcassets */; };
		FF4B5B2B2434A350002C0B92 /* AppDelegate.swift in Sources */ = {isa = PBXBuildFile; fileRef = FF4B5B2A2434A350002C0B92 /* AppDelegate.swift */; };
		FF4B5B502434A350002C0B92 /* LaunchScreen.storyboard in Resources */ = {isa = PBXBuildFile; fileRef = FF4B5B4E2434A350002C0B92 /* LaunchScreen.storyboard */; };
		FF4B5B5B2434A350002C0B92 /* SnapEngageTests.swift in Sources */ = {isa = PBXBuildFile; fileRef = FF4B5B5A2434A350002C0B92 /* SnapEngageTests.swift */; };
		FF4B5B6C2434A409002C0B92 /* Assets.xcassets in Resources */ = {isa = PBXBuildFile; fileRef = FF4B5B6B2434A409002C0B92 /* Assets.xcassets */; };
		FF4B5B742434B2EB002C0B92 /* ExportOptions-Stage.plist in Resources */ = {isa = PBXBuildFile; fileRef = FF4B5B732434B2EB002C0B92 /* ExportOptions-Stage.plist */; };
		FF70C4CE243DC1C000CF4061 /* SettingsViewController.swift in Sources */ = {isa = PBXBuildFile; fileRef = FF70C4CD243DC1C000CF4061 /* SettingsViewController.swift */; };
		FFB216F724373EC5004E86A3 /* MyViewController.swift in Sources */ = {isa = PBXBuildFile; fileRef = FFB216F524373EC5004E86A3 /* MyViewController.swift */; };
		FFB216FB24373ED5004E86A3 /* Main.storyboard in Resources */ = {isa = PBXBuildFile; fileRef = FFB216FA24373ED5004E86A3 /* Main.storyboard */; };
/* End PBXBuildFile section */

/* Begin PBXContainerItemProxy section */
		FF4B5B572434A350002C0B92 /* PBXContainerItemProxy */ = {
			isa = PBXContainerItemProxy;
			containerPortal = FF4B5B1E2434A350002C0B92 /* Project object */;
			proxyType = 1;
			remoteGlobalIDString = FF4B5B262434A350002C0B92;
			remoteInfo = SnapEngage;
		};
/* End PBXContainerItemProxy section */

/* Begin PBXCopyFilesBuildPhase section */
		FF6F20D8243601F10012A1D0 /* Embed Frameworks */ = {
			isa = PBXCopyFilesBuildPhase;
			buildActionMask = 2147483647;
			dstPath = "";
			dstSubfolderSpec = 10;
			files = (
			);
			name = "Embed Frameworks";
			runOnlyForDeploymentPostprocessing = 0;
		};
/* End PBXCopyFilesBuildPhase section */

/* Begin PBXFileReference section */
		53602006450A343C72FE8BFE /* Pods_SnapEngageTests.framework */ = {isa = PBXFileReference; explicitFileType = wrapper.framework; includeInIndex = 0; path = Pods_SnapEngageTests.framework; sourceTree = BUILT_PRODUCTS_DIR; };
		6346A6F575ECEE60BAADD777 /* Pods-SnapEngageTests.debug.xcconfig */ = {isa = PBXFileReference; includeInIndex = 1; lastKnownFileType = text.xcconfig; name = "Pods-SnapEngageTests.debug.xcconfig"; path = "Target Support Files/Pods-SnapEngageTests/Pods-SnapEngageTests.debug.xcconfig"; sourceTree = "<group>"; };
		7D02435AE94B5DECCB421A35 /* Pods_SnapEngage.framework */ = {isa = PBXFileReference; explicitFileType = wrapper.framework; includeInIndex = 0; path = Pods_SnapEngage.framework; sourceTree = BUILT_PRODUCTS_DIR; };
		893FAF450052EB0A5D414AB6 /* Pods-SnapEngage.debug.xcconfig */ = {isa = PBXFileReference; includeInIndex = 1; lastKnownFileType = text.xcconfig; name = "Pods-SnapEngage.debug.xcconfig"; path = "Target Support Files/Pods-SnapEngage/Pods-SnapEngage.debug.xcconfig"; sourceTree = "<group>"; };
		A9C82F1D3FB2622CD6B9373C /* Pods-SnapEngageTests.release.xcconfig */ = {isa = PBXFileReference; includeInIndex = 1; lastKnownFileType = text.xcconfig; name = "Pods-SnapEngageTests.release.xcconfig"; path = "Target Support Files/Pods-SnapEngageTests/Pods-SnapEngageTests.release.xcconfig"; sourceTree = "<group>"; };
		B3E1165849E12AA3A391F99D /* Pods-SnapEngage.release.xcconfig */ = {isa = PBXFileReference; includeInIndex = 1; lastKnownFileType = text.xcconfig; name = "Pods-SnapEngage.release.xcconfig"; path = "Target Support Files/Pods-SnapEngage/Pods-SnapEngage.release.xcconfig"; sourceTree = "<group>"; };
		BB9286FA16C8697F18C0439D /* Pods-SnapEngage.stage.xcconfig */ = {isa = PBXFileReference; includeInIndex = 1; lastKnownFileType = text.xcconfig; name = "Pods-SnapEngage.stage.xcconfig"; path = "Target Support Files/Pods-SnapEngage/Pods-SnapEngage.stage.xcconfig"; sourceTree = "<group>"; };
		CEC653B71124727398484C94 /* Pods-SnapEngageTests.stage.xcconfig */ = {isa = PBXFileReference; includeInIndex = 1; lastKnownFileType = text.xcconfig; name = "Pods-SnapEngageTests.stage.xcconfig"; path = "Target Support Files/Pods-SnapEngageTests/Pods-SnapEngageTests.stage.xcconfig"; sourceTree = "<group>"; };
		FF23A9812447179600CF37E2 /* Assets.xcassets */ = {isa = PBXFileReference; lastKnownFileType = folder.assetcatalog; path = Assets.xcassets; sourceTree = "<group>"; };
		FF4B5B272434A350002C0B92 /* SnapEngage.app */ = {isa = PBXFileReference; explicitFileType = wrapper.application; includeInIndex = 0; path = SnapEngage.app; sourceTree = BUILT_PRODUCTS_DIR; };
		FF4B5B2A2434A350002C0B92 /* AppDelegate.swift */ = {isa = PBXFileReference; lastKnownFileType = sourcecode.swift; path = AppDelegate.swift; sourceTree = "<group>"; };
		FF4B5B4F2434A350002C0B92 /* Base */ = {isa = PBXFileReference; lastKnownFileType = file.storyboard; name = Base; path = Base.lproj/LaunchScreen.storyboard; sourceTree = "<group>"; };
		FF4B5B512434A350002C0B92 /* Info.plist */ = {isa = PBXFileReference; lastKnownFileType = text.plist.xml; path = Info.plist; sourceTree = "<group>"; };
		FF4B5B562434A350002C0B92 /* SnapEngageTests.xctest */ = {isa = PBXFileReference; explicitFileType = wrapper.cfbundle; includeInIndex = 0; path = SnapEngageTests.xctest; sourceTree = BUILT_PRODUCTS_DIR; };
		FF4B5B5A2434A350002C0B92 /* SnapEngageTests.swift */ = {isa = PBXFileReference; lastKnownFileType = sourcecode.swift; path = SnapEngageTests.swift; sourceTree = "<group>"; };
		FF4B5B5C2434A350002C0B92 /* Info.plist */ = {isa = PBXFileReference; lastKnownFileType = text.plist.xml; path = Info.plist; sourceTree = "<group>"; };
		FF4B5B6B2434A409002C0B92 /* Assets.xcassets */ = {isa = PBXFileReference; lastKnownFileType = folder.assetcatalog; path = Assets.xcassets; sourceTree = "<group>"; };
		FF4B5B732434B2EB002C0B92 /* ExportOptions-Stage.plist */ = {isa = PBXFileReference; fileEncoding = 4; lastKnownFileType = text.plist.xml; path = "ExportOptions-Stage.plist"; sourceTree = "<group>"; };
		FF70C4CD243DC1C000CF4061 /* SettingsViewController.swift */ = {isa = PBXFileReference; lastKnownFileType = sourcecode.swift; path = SettingsViewController.swift; sourceTree = "<group>"; };
		FFB216F524373EC5004E86A3 /* MyViewController.swift */ = {isa = PBXFileReference; lastKnownFileType = sourcecode.swift; path = MyViewController.swift; sourceTree = "<group>"; };
		FFB216FA24373ED5004E86A3 /* Main.storyboard */ = {isa = PBXFileReference; lastKnownFileType = file.storyboard; path = Main.storyboard; sourceTree = "<group>"; };
/* End PBXFileReference section */

/* Begin PBXFrameworksBuildPhase section */
		FF4B5B232434A350002C0B92 /* Frameworks */ = {
			isa = PBXFrameworksBuildPhase;
			buildActionMask = 2147483647;
			files = (
				2B2FAF79C4686599BAA2F889 /* Pods_SnapEngage.framework in Frameworks */,
			);
			runOnlyForDeploymentPostprocessing = 0;
		};
		FF4B5B532434A350002C0B92 /* Frameworks */ = {
			isa = PBXFrameworksBuildPhase;
			buildActionMask = 2147483647;
			files = (
				EFF2FFE85191AA0804FB9E91 /* Pods_SnapEngageTests.framework in Frameworks */,
			);
			runOnlyForDeploymentPostprocessing = 0;
		};
/* End PBXFrameworksBuildPhase section */

/* Begin PBXGroup section */
		E1A1F6820A4D1D8B2DD17E2B /* Pods */ = {
			isa = PBXGroup;
			children = (
				893FAF450052EB0A5D414AB6 /* Pods-SnapEngage.debug.xcconfig */,
				B3E1165849E12AA3A391F99D /* Pods-SnapEngage.release.xcconfig */,
				BB9286FA16C8697F18C0439D /* Pods-SnapEngage.stage.xcconfig */,
				6346A6F575ECEE60BAADD777 /* Pods-SnapEngageTests.debug.xcconfig */,
				A9C82F1D3FB2622CD6B9373C /* Pods-SnapEngageTests.release.xcconfig */,
				CEC653B71124727398484C94 /* Pods-SnapEngageTests.stage.xcconfig */,
			);
			name = Pods;
			path = Pods;
			sourceTree = "<group>";
		};
		FF3F5E3D2436252300A7B9EA /* Frameworks */ = {
			isa = PBXGroup;
			children = (
				7D02435AE94B5DECCB421A35 /* Pods_SnapEngage.framework */,
				53602006450A343C72FE8BFE /* Pods_SnapEngageTests.framework */,
			);
			name = Frameworks;
			sourceTree = "<group>";
		};
		FF4B5B1D2434A350002C0B92 = {
			isa = PBXGroup;
			children = (
				FF4B5B292434A350002C0B92 /* SnapEngage */,
				FF4B5B592434A350002C0B92 /* SnapEngageTests */,
				FF4B5B282434A350002C0B92 /* Products */,
				FF3F5E3D2436252300A7B9EA /* Frameworks */,
				E1A1F6820A4D1D8B2DD17E2B /* Pods */,
			);
			sourceTree = "<group>";
		};
		FF4B5B282434A350002C0B92 /* Products */ = {
			isa = PBXGroup;
			children = (
				FF4B5B272434A350002C0B92 /* SnapEngage.app */,
				FF4B5B562434A350002C0B92 /* SnapEngageTests.xctest */,
			);
			name = Products;
			sourceTree = "<group>";
		};
		FF4B5B292434A350002C0B92 /* SnapEngage */ = {
			isa = PBXGroup;
			children = (
				FF4B5B732434B2EB002C0B92 /* ExportOptions-Stage.plist */,
				FF4B5B682434A3D3002C0B92 /* Resources */,
				FF4B5B2A2434A350002C0B92 /* AppDelegate.swift */,
				FFB216F524373EC5004E86A3 /* MyViewController.swift */,
				FFB216FA24373ED5004E86A3 /* Main.storyboard */,
				FF70C4CD243DC1C000CF4061 /* SettingsViewController.swift */,
				FF4B5B4E2434A350002C0B92 /* LaunchScreen.storyboard */,
				FF4B5B512434A350002C0B92 /* Info.plist */,
				FF23A9812447179600CF37E2 /* Assets.xcassets */,
			);
			path = SnapEngage;
			sourceTree = "<group>";
		};
		FF4B5B592434A350002C0B92 /* SnapEngageTests */ = {
			isa = PBXGroup;
			children = (
				FF4B5B5A2434A350002C0B92 /* SnapEngageTests.swift */,
				FF4B5B5C2434A350002C0B92 /* Info.plist */,
			);
			path = SnapEngageTests;
			sourceTree = "<group>";
		};
		FF4B5B682434A3D3002C0B92 /* Resources */ = {
			isa = PBXGroup;
			children = (
				FF4B5B6B2434A409002C0B92 /* Assets.xcassets */,
			);
			path = Resources;
			sourceTree = "<group>";
		};
/* End PBXGroup section */

/* Begin PBXNativeTarget section */
		FF4B5B262434A350002C0B92 /* SnapEngage */ = {
			isa = PBXNativeTarget;
			buildConfigurationList = FF4B5B602434A350002C0B92 /* Build configuration list for PBXNativeTarget "SnapEngage" */;
			buildPhases = (
				4F95EB6F3F04A713352C7038 /* [CP] Check Pods Manifest.lock */,
				FF4B5B222434A350002C0B92 /* Sources */,
				FF4B5B232434A350002C0B92 /* Frameworks */,
				FF4B5B242434A350002C0B92 /* Resources */,
				FF6F20D8243601F10012A1D0 /* Embed Frameworks */,
				7D99C1992B82E718EBB65136 /* [CP] Embed Pods Frameworks */,
			);
			buildRules = (
			);
			dependencies = (
			);
			name = SnapEngage;
			productName = SnapEngage;
			productReference = FF4B5B272434A350002C0B92 /* SnapEngage.app */;
			productType = "com.apple.product-type.application";
		};
		FF4B5B552434A350002C0B92 /* SnapEngageTests */ = {
			isa = PBXNativeTarget;
			buildConfigurationList = FF4B5B642434A350002C0B92 /* Build configuration list for PBXNativeTarget "SnapEngageTests" */;
			buildPhases = (
				AFFF41CC987DD09A494382E7 /* [CP] Check Pods Manifest.lock */,
				FF4B5B522434A350002C0B92 /* Sources */,
				FF4B5B532434A350002C0B92 /* Frameworks */,
				FF4B5B542434A350002C0B92 /* Resources */,
			);
			buildRules = (
			);
			dependencies = (
				FF4B5B582434A350002C0B92 /* PBXTargetDependency */,
			);
			name = SnapEngageTests;
			productName = SnapEngageTests;
			productReference = FF4B5B562434A350002C0B92 /* SnapEngageTests.xctest */;
			productType = "com.apple.product-type.bundle.unit-test";
		};
/* End PBXNativeTarget section */

/* Begin PBXProject section */
		FF4B5B1E2434A350002C0B92 /* Project object */ = {
			isa = PBXProject;
			attributes = {
				LastSwiftUpdateCheck = 1140;
				LastUpgradeCheck = 1140;
				ORGANIZATIONNAME = Attrecto;
				TargetAttributes = {
					FF4B5B262434A350002C0B92 = {
						CreatedOnToolsVersion = 11.4;
						LastSwiftMigration = 1140;
					};
					FF4B5B552434A350002C0B92 = {
						CreatedOnToolsVersion = 11.4;
						TestTargetID = FF4B5B262434A350002C0B92;
					};
				};
			};
			buildConfigurationList = FF4B5B212434A350002C0B92 /* Build configuration list for PBXProject "SnapEngage" */;
			compatibilityVersion = "Xcode 9.3";
			developmentRegion = en;
			hasScannedForEncodings = 0;
			knownRegions = (
				en,
				Base,
			);
			mainGroup = FF4B5B1D2434A350002C0B92;
			productRefGroup = FF4B5B282434A350002C0B92 /* Products */;
			projectDirPath = "";
			projectRoot = "";
			targets = (
				FF4B5B262434A350002C0B92 /* SnapEngage */,
				FF4B5B552434A350002C0B92 /* SnapEngageTests */,
			);
		};
/* End PBXProject section */

/* Begin PBXResourcesBuildPhase section */
		FF4B5B242434A350002C0B92 /* Resources */ = {
			isa = PBXResourcesBuildPhase;
			buildActionMask = 2147483647;
			files = (
				FF4B5B502434A350002C0B92 /* LaunchScreen.storyboard in Resources */,
				FFB216FB24373ED5004E86A3 /* Main.storyboard in Resources */,
				FF4B5B6C2434A409002C0B92 /* Assets.xcassets in Resources */,
				FF4B5B742434B2EB002C0B92 /* ExportOptions-Stage.plist in Resources */,
				FF23A9822447179600CF37E2 /* Assets.xcassets in Resources */,
			);
			runOnlyForDeploymentPostprocessing = 0;
		};
		FF4B5B542434A350002C0B92 /* Resources */ = {
			isa = PBXResourcesBuildPhase;
			buildActionMask = 2147483647;
			files = (
			);
			runOnlyForDeploymentPostprocessing = 0;
		};
/* End PBXResourcesBuildPhase section */

/* Begin PBXShellScriptBuildPhase section */
		4F95EB6F3F04A713352C7038 /* [CP] Check Pods Manifest.lock */ = {
			isa = PBXShellScriptBuildPhase;
			buildActionMask = 2147483647;
			files = (
			);
			inputFileListPaths = (
			);
			inputPaths = (
				"${PODS_PODFILE_DIR_PATH}/Podfile.lock",
				"${PODS_ROOT}/Manifest.lock",
			);
			name = "[CP] Check Pods Manifest.lock";
			outputFileListPaths = (
			);
			outputPaths = (
				"$(DERIVED_FILE_DIR)/Pods-SnapEngage-checkManifestLockResult.txt",
			);
			runOnlyForDeploymentPostprocessing = 0;
			shellPath = /bin/sh;
			shellScript = "diff \"${PODS_PODFILE_DIR_PATH}/Podfile.lock\" \"${PODS_ROOT}/Manifest.lock\" > /dev/null\nif [ $? != 0 ] ; then\n    # print error to STDERR\n    echo \"error: The sandbox is not in sync with the Podfile.lock. Run 'pod install' or update your CocoaPods installation.\" >&2\n    exit 1\nfi\n# This output is used by Xcode 'outputs' to avoid re-running this script phase.\necho \"SUCCESS\" > \"${SCRIPT_OUTPUT_FILE_0}\"\n";
			showEnvVarsInLog = 0;
		};
		7D99C1992B82E718EBB65136 /* [CP] Embed Pods Frameworks */ = {
			isa = PBXShellScriptBuildPhase;
			buildActionMask = 2147483647;
			files = (
			);
			inputFileListPaths = (
				"${PODS_ROOT}/Target Support Files/Pods-SnapEngage/Pods-SnapEngage-frameworks-${CONFIGURATION}-input-files.xcfilelist",
			);
			name = "[CP] Embed Pods Frameworks";
			outputFileListPaths = (
				"${PODS_ROOT}/Target Support Files/Pods-SnapEngage/Pods-SnapEngage-frameworks-${CONFIGURATION}-output-files.xcfilelist",
			);
			runOnlyForDeploymentPostprocessing = 0;
			shellPath = /bin/sh;
			shellScript = "\"${PODS_ROOT}/Target Support Files/Pods-SnapEngage/Pods-SnapEngage-frameworks.sh\"\n";
			showEnvVarsInLog = 0;
		};
		AFFF41CC987DD09A494382E7 /* [CP] Check Pods Manifest.lock */ = {
			isa = PBXShellScriptBuildPhase;
			buildActionMask = 2147483647;
			files = (
			);
			inputFileListPaths = (
			);
			inputPaths = (
				"${PODS_PODFILE_DIR_PATH}/Podfile.lock",
				"${PODS_ROOT}/Manifest.lock",
			);
			name = "[CP] Check Pods Manifest.lock";
			outputFileListPaths = (
			);
			outputPaths = (
				"$(DERIVED_FILE_DIR)/Pods-SnapEngageTests-checkManifestLockResult.txt",
			);
			runOnlyForDeploymentPostprocessing = 0;
			shellPath = /bin/sh;
			shellScript = "diff \"${PODS_PODFILE_DIR_PATH}/Podfile.lock\" \"${PODS_ROOT}/Manifest.lock\" > /dev/null\nif [ $? != 0 ] ; then\n    # print error to STDERR\n    echo \"error: The sandbox is not in sync with the Podfile.lock. Run 'pod install' or update your CocoaPods installation.\" >&2\n    exit 1\nfi\n# This output is used by Xcode 'outputs' to avoid re-running this script phase.\necho \"SUCCESS\" > \"${SCRIPT_OUTPUT_FILE_0}\"\n";
			showEnvVarsInLog = 0;
		};
/* End PBXShellScriptBuildPhase section */

/* Begin PBXSourcesBuildPhase section */
		FF4B5B222434A350002C0B92 /* Sources */ = {
			isa = PBXSourcesBuildPhase;
			buildActionMask = 2147483647;
			files = (
				FF4B5B2B2434A350002C0B92 /* AppDelegate.swift in Sources */,
				FFB216F724373EC5004E86A3 /* MyViewController.swift in Sources */,
				FF70C4CE243DC1C000CF4061 /* SettingsViewController.swift in Sources */,
			);
			runOnlyForDeploymentPostprocessing = 0;
		};
		FF4B5B522434A350002C0B92 /* Sources */ = {
			isa = PBXSourcesBuildPhase;
			buildActionMask = 2147483647;
			files = (
				FF4B5B5B2434A350002C0B92 /* SnapEngageTests.swift in Sources */,
			);
			runOnlyForDeploymentPostprocessing = 0;
		};
/* End PBXSourcesBuildPhase section */

/* Begin PBXTargetDependency section */
		FF4B5B582434A350002C0B92 /* PBXTargetDependency */ = {
			isa = PBXTargetDependency;
			target = FF4B5B262434A350002C0B92 /* SnapEngage */;
			targetProxy = FF4B5B572434A350002C0B92 /* PBXContainerItemProxy */;
		};
/* End PBXTargetDependency section */

/* Begin PBXVariantGroup section */
		FF4B5B4E2434A350002C0B92 /* LaunchScreen.storyboard */ = {
			isa = PBXVariantGroup;
			children = (
				FF4B5B4F2434A350002C0B92 /* Base */,
			);
			name = LaunchScreen.storyboard;
			sourceTree = "<group>";
		};
/* End PBXVariantGroup section */

/* Begin XCBuildConfiguration section */
		FF4B5B5D2434A350002C0B92 /* Debug */ = {
			isa = XCBuildConfiguration;
			buildSettings = {
				ALWAYS_SEARCH_USER_PATHS = NO;
				CLANG_ANALYZER_NONNULL = YES;
				CLANG_ANALYZER_NUMBER_OBJECT_CONVERSION = YES_AGGRESSIVE;
				CLANG_CXX_LANGUAGE_STANDARD = "gnu++14";
				CLANG_CXX_LIBRARY = "libc++";
				CLANG_ENABLE_MODULES = YES;
				CLANG_ENABLE_OBJC_ARC = YES;
				CLANG_ENABLE_OBJC_WEAK = YES;
				CLANG_WARN_BLOCK_CAPTURE_AUTORELEASING = YES;
				CLANG_WARN_BOOL_CONVERSION = YES;
				CLANG_WARN_COMMA = YES;
				CLANG_WARN_CONSTANT_CONVERSION = YES;
				CLANG_WARN_DEPRECATED_OBJC_IMPLEMENTATIONS = YES;
				CLANG_WARN_DIRECT_OBJC_ISA_USAGE = YES_ERROR;
				CLANG_WARN_DOCUMENTATION_COMMENTS = YES;
				CLANG_WARN_EMPTY_BODY = YES;
				CLANG_WARN_ENUM_CONVERSION = YES;
				CLANG_WARN_INFINITE_RECURSION = YES;
				CLANG_WARN_INT_CONVERSION = YES;
				CLANG_WARN_NON_LITERAL_NULL_CONVERSION = YES;
				CLANG_WARN_OBJC_IMPLICIT_RETAIN_SELF = YES;
				CLANG_WARN_OBJC_LITERAL_CONVERSION = YES;
				CLANG_WARN_OBJC_ROOT_CLASS = YES_ERROR;
				CLANG_WARN_RANGE_LOOP_ANALYSIS = YES;
				CLANG_WARN_STRICT_PROTOTYPES = YES;
				CLANG_WARN_SUSPICIOUS_MOVE = YES;
				CLANG_WARN_UNGUARDED_AVAILABILITY = YES_AGGRESSIVE;
				CLANG_WARN_UNREACHABLE_CODE = YES;
				CLANG_WARN__DUPLICATE_METHOD_MATCH = YES;
				COPY_PHASE_STRIP = NO;
				CURRENT_PROJECT_VERSION = 1;
				DEBUG_INFORMATION_FORMAT = dwarf;
				ENABLE_STRICT_OBJC_MSGSEND = YES;
				ENABLE_TESTABILITY = YES;
				GCC_C_LANGUAGE_STANDARD = gnu11;
				GCC_DYNAMIC_NO_PIC = NO;
				GCC_NO_COMMON_BLOCKS = YES;
				GCC_OPTIMIZATION_LEVEL = 0;
				GCC_PREPROCESSOR_DEFINITIONS = (
					"DEBUG=1",
					"$(inherited)",
				);
				GCC_WARN_64_TO_32_BIT_CONVERSION = YES;
				GCC_WARN_ABOUT_RETURN_TYPE = YES_ERROR;
				GCC_WARN_UNDECLARED_SELECTOR = YES;
				GCC_WARN_UNINITIALIZED_AUTOS = YES_AGGRESSIVE;
				GCC_WARN_UNUSED_FUNCTION = YES;
				GCC_WARN_UNUSED_VARIABLE = YES;
				IPHONEOS_DEPLOYMENT_TARGET = 10.0;
				MTL_ENABLE_DEBUG_INFO = INCLUDE_SOURCE;
				MTL_FAST_MATH = YES;
				ONLY_ACTIVE_ARCH = YES;
				SDKROOT = iphoneos;
				SWIFT_ACTIVE_COMPILATION_CONDITIONS = DEBUG;
				SWIFT_OPTIMIZATION_LEVEL = "-Onone";
				VERSIONING_SYSTEM = "apple-generic";
			};
			name = Debug;
		};
		FF4B5B5E2434A350002C0B92 /* Release */ = {
			isa = XCBuildConfiguration;
			buildSettings = {
				ALWAYS_SEARCH_USER_PATHS = NO;
				CLANG_ANALYZER_NONNULL = YES;
				CLANG_ANALYZER_NUMBER_OBJECT_CONVERSION = YES_AGGRESSIVE;
				CLANG_CXX_LANGUAGE_STANDARD = "gnu++14";
				CLANG_CXX_LIBRARY = "libc++";
				CLANG_ENABLE_MODULES = YES;
				CLANG_ENABLE_OBJC_ARC = YES;
				CLANG_ENABLE_OBJC_WEAK = YES;
				CLANG_WARN_BLOCK_CAPTURE_AUTORELEASING = YES;
				CLANG_WARN_BOOL_CONVERSION = YES;
				CLANG_WARN_COMMA = YES;
				CLANG_WARN_CONSTANT_CONVERSION = YES;
				CLANG_WARN_DEPRECATED_OBJC_IMPLEMENTATIONS = YES;
				CLANG_WARN_DIRECT_OBJC_ISA_USAGE = YES_ERROR;
				CLANG_WARN_DOCUMENTATION_COMMENTS = YES;
				CLANG_WARN_EMPTY_BODY = YES;
				CLANG_WARN_ENUM_CONVERSION = YES;
				CLANG_WARN_INFINITE_RECURSION = YES;
				CLANG_WARN_INT_CONVERSION = YES;
				CLANG_WARN_NON_LITERAL_NULL_CONVERSION = YES;
				CLANG_WARN_OBJC_IMPLICIT_RETAIN_SELF = YES;
				CLANG_WARN_OBJC_LITERAL_CONVERSION = YES;
				CLANG_WARN_OBJC_ROOT_CLASS = YES_ERROR;
				CLANG_WARN_RANGE_LOOP_ANALYSIS = YES;
				CLANG_WARN_STRICT_PROTOTYPES = YES;
				CLANG_WARN_SUSPICIOUS_MOVE = YES;
				CLANG_WARN_UNGUARDED_AVAILABILITY = YES_AGGRESSIVE;
				CLANG_WARN_UNREACHABLE_CODE = YES;
				CLANG_WARN__DUPLICATE_METHOD_MATCH = YES;
				COPY_PHASE_STRIP = NO;
				CURRENT_PROJECT_VERSION = 1;
				DEBUG_INFORMATION_FORMAT = "dwarf-with-dsym";
				ENABLE_NS_ASSERTIONS = NO;
				ENABLE_STRICT_OBJC_MSGSEND = YES;
				GCC_C_LANGUAGE_STANDARD = gnu11;
				GCC_NO_COMMON_BLOCKS = YES;
				GCC_WARN_64_TO_32_BIT_CONVERSION = YES;
				GCC_WARN_ABOUT_RETURN_TYPE = YES_ERROR;
				GCC_WARN_UNDECLARED_SELECTOR = YES;
				GCC_WARN_UNINITIALIZED_AUTOS = YES_AGGRESSIVE;
				GCC_WARN_UNUSED_FUNCTION = YES;
				GCC_WARN_UNUSED_VARIABLE = YES;
				IPHONEOS_DEPLOYMENT_TARGET = 10.0;
				MTL_ENABLE_DEBUG_INFO = NO;
				MTL_FAST_MATH = YES;
				SDKROOT = iphoneos;
				SWIFT_COMPILATION_MODE = wholemodule;
				SWIFT_OPTIMIZATION_LEVEL = "-O";
				VALIDATE_PRODUCT = YES;
				VERSIONING_SYSTEM = "apple-generic";
			};
			name = Release;
		};
		FF4B5B5F2434A350002C0B92 /* Stage */ = {
			isa = XCBuildConfiguration;
			buildSettings = {
				ALWAYS_SEARCH_USER_PATHS = NO;
				CLANG_ANALYZER_NONNULL = YES;
				CLANG_ANALYZER_NUMBER_OBJECT_CONVERSION = YES_AGGRESSIVE;
				CLANG_CXX_LANGUAGE_STANDARD = "gnu++14";
				CLANG_CXX_LIBRARY = "libc++";
				CLANG_ENABLE_MODULES = YES;
				CLANG_ENABLE_OBJC_ARC = YES;
				CLANG_ENABLE_OBJC_WEAK = YES;
				CLANG_WARN_BLOCK_CAPTURE_AUTORELEASING = YES;
				CLANG_WARN_BOOL_CONVERSION = YES;
				CLANG_WARN_COMMA = YES;
				CLANG_WARN_CONSTANT_CONVERSION = YES;
				CLANG_WARN_DEPRECATED_OBJC_IMPLEMENTATIONS = YES;
				CLANG_WARN_DIRECT_OBJC_ISA_USAGE = YES_ERROR;
				CLANG_WARN_DOCUMENTATION_COMMENTS = YES;
				CLANG_WARN_EMPTY_BODY = YES;
				CLANG_WARN_ENUM_CONVERSION = YES;
				CLANG_WARN_INFINITE_RECURSION = YES;
				CLANG_WARN_INT_CONVERSION = YES;
				CLANG_WARN_NON_LITERAL_NULL_CONVERSION = YES;
				CLANG_WARN_OBJC_IMPLICIT_RETAIN_SELF = YES;
				CLANG_WARN_OBJC_LITERAL_CONVERSION = YES;
				CLANG_WARN_OBJC_ROOT_CLASS = YES_ERROR;
				CLANG_WARN_RANGE_LOOP_ANALYSIS = YES;
				CLANG_WARN_STRICT_PROTOTYPES = YES;
				CLANG_WARN_SUSPICIOUS_MOVE = YES;
				CLANG_WARN_UNGUARDED_AVAILABILITY = YES_AGGRESSIVE;
				CLANG_WARN_UNREACHABLE_CODE = YES;
				CLANG_WARN__DUPLICATE_METHOD_MATCH = YES;
				COPY_PHASE_STRIP = NO;
				CURRENT_PROJECT_VERSION = 1;
				ENABLE_STRICT_OBJC_MSGSEND = YES;
				GCC_C_LANGUAGE_STANDARD = gnu11;
				GCC_NO_COMMON_BLOCKS = YES;
				GCC_WARN_64_TO_32_BIT_CONVERSION = YES;
				GCC_WARN_ABOUT_RETURN_TYPE = YES_ERROR;
				GCC_WARN_UNDECLARED_SELECTOR = YES;
				GCC_WARN_UNINITIALIZED_AUTOS = YES_AGGRESSIVE;
				GCC_WARN_UNUSED_FUNCTION = YES;
				GCC_WARN_UNUSED_VARIABLE = YES;
				IPHONEOS_DEPLOYMENT_TARGET = 10.0;
				MTL_FAST_MATH = YES;
				SDKROOT = iphoneos;
				VERSIONING_SYSTEM = "apple-generic";
			};
			name = Stage;
		};
		FF4B5B612434A350002C0B92 /* Debug */ = {
			isa = XCBuildConfiguration;
			baseConfigurationReference = 893FAF450052EB0A5D414AB6 /* Pods-SnapEngage.debug.xcconfig */;
			buildSettings = {
				ASSETCATALOG_COMPILER_APPICON_NAME = "AppIcon-Debug";
				CLANG_ENABLE_MODULES = YES;
				CODE_SIGN_IDENTITY = "iPhone Developer";
				CODE_SIGN_STYLE = Manual;
				DEFINES_MODULE = YES;
				DEVELOPMENT_TEAM = 9VT3LGCX93;
				GCC_WARN_UNUSED_VARIABLE = YES;
				INFOPLIST_FILE = SnapEngage/Info.plist;
				LD_RUNPATH_SEARCH_PATHS = (
					"$(inherited)",
					"@executable_path/Frameworks",
				);
				PRODUCT_BUNDLE_IDENTIFIER = "com.attrecto.SnapEngage-debug";
				PRODUCT_NAME = "$(TARGET_NAME)";
				PROVISIONING_PROFILE_SPECIFIER = "SnapEngage Debug";
				SWIFT_OPTIMIZATION_LEVEL = "-Onone";
				SWIFT_VERSION = 5.0;
				TARGETED_DEVICE_FAMILY = "1,2";
			};
			name = Debug;
		};
		FF4B5B622434A350002C0B92 /* Release */ = {
			isa = XCBuildConfiguration;
			baseConfigurationReference = B3E1165849E12AA3A391F99D /* Pods-SnapEngage.release.xcconfig */;
			buildSettings = {
				ASSETCATALOG_COMPILER_APPICON_NAME = AppIcon;
				CLANG_ENABLE_MODULES = YES;
				CODE_SIGN_STYLE = Manual;
				DEFINES_MODULE = YES;
				DEVELOPMENT_TEAM = "";
				GCC_WARN_UNUSED_VARIABLE = YES;
				INFOPLIST_FILE = SnapEngage/Info.plist;
				LD_RUNPATH_SEARCH_PATHS = (
					"$(inherited)",
					"@executable_path/Frameworks",
				);
				PRODUCT_BUNDLE_IDENTIFIER = com.attrecto.SnapEngage;
				PRODUCT_NAME = "$(TARGET_NAME)";
				PROVISIONING_PROFILE_SPECIFIER = "";
				SWIFT_VERSION = 5.0;
				TARGETED_DEVICE_FAMILY = "1,2";
			};
			name = Release;
		};
		FF4B5B632434A350002C0B92 /* Stage */ = {
			isa = XCBuildConfiguration;
			baseConfigurationReference = BB9286FA16C8697F18C0439D /* Pods-SnapEngage.stage.xcconfig */;
			buildSettings = {
				ASSETCATALOG_COMPILER_APPICON_NAME = "AppIcon-Stage";
				CLANG_ENABLE_MODULES = YES;
				CODE_SIGN_IDENTITY = "iPhone Distribution";
				CODE_SIGN_STYLE = Manual;
				DEFINES_MODULE = YES;
				DEVELOPMENT_TEAM = 9VT3LGCX93;
				GCC_WARN_UNUSED_VARIABLE = YES;
				INFOPLIST_FILE = SnapEngage/Info.plist;
				LD_RUNPATH_SEARCH_PATHS = (
					"$(inherited)",
					"@executable_path/Frameworks",
				);
				PRODUCT_BUNDLE_IDENTIFIER = "com.attrecto.SnapEngage-stage";
				PRODUCT_NAME = "$(TARGET_NAME)";
				PROVISIONING_PROFILE_SPECIFIER = "SnapEngage Stage";
				SWIFT_VERSION = 5.0;
				TARGETED_DEVICE_FAMILY = "1,2";
			};
			name = Stage;
		};
		FF4B5B652434A350002C0B92 /* Debug */ = {
			isa = XCBuildConfiguration;
			baseConfigurationReference = 6346A6F575ECEE60BAADD777 /* Pods-SnapEngageTests.debug.xcconfig */;
			buildSettings = {
				ALWAYS_EMBED_SWIFT_STANDARD_LIBRARIES = YES;
				BUNDLE_LOADER = "$(TEST_HOST)";
				CODE_SIGN_STYLE = Automatic;
				DEVELOPMENT_TEAM = 9VT3LGCX93;
				INFOPLIST_FILE = SnapEngageTests/Info.plist;
				IPHONEOS_DEPLOYMENT_TARGET = 13.4;
				LD_RUNPATH_SEARCH_PATHS = (
					"$(inherited)",
					"@executable_path/Frameworks",
					"@loader_path/Frameworks",
				);
				PRODUCT_BUNDLE_IDENTIFIER = com.attrecto.SnapEngageTests;
				PRODUCT_NAME = "$(TARGET_NAME)";
				SWIFT_VERSION = 5.0;
				TARGETED_DEVICE_FAMILY = "1,2";
				TEST_HOST = "$(BUILT_PRODUCTS_DIR)/SnapEngage.app/SnapEngage";
			};
			name = Debug;
		};
		FF4B5B662434A350002C0B92 /* Release */ = {
			isa = XCBuildConfiguration;
			baseConfigurationReference = A9C82F1D3FB2622CD6B9373C /* Pods-SnapEngageTests.release.xcconfig */;
			buildSettings = {
				ALWAYS_EMBED_SWIFT_STANDARD_LIBRARIES = YES;
				BUNDLE_LOADER = "$(TEST_HOST)";
				CODE_SIGN_STYLE = Automatic;
				DEVELOPMENT_TEAM = 9VT3LGCX93;
				INFOPLIST_FILE = SnapEngageTests/Info.plist;
				IPHONEOS_DEPLOYMENT_TARGET = 13.4;
				LD_RUNPATH_SEARCH_PATHS = (
					"$(inherited)",
					"@executable_path/Frameworks",
					"@loader_path/Frameworks",
				);
				PRODUCT_BUNDLE_IDENTIFIER = com.attrecto.SnapEngageTests;
				PRODUCT_NAME = "$(TARGET_NAME)";
				SWIFT_VERSION = 5.0;
				TARGETED_DEVICE_FAMILY = "1,2";
				TEST_HOST = "$(BUILT_PRODUCTS_DIR)/SnapEngage.app/SnapEngage";
			};
			name = Release;
		};
		FF4B5B672434A350002C0B92 /* Stage */ = {
			isa = XCBuildConfiguration;
			baseConfigurationReference = CEC653B71124727398484C94 /* Pods-SnapEngageTests.stage.xcconfig */;
			buildSettings = {
				ALWAYS_EMBED_SWIFT_STANDARD_LIBRARIES = YES;
				BUNDLE_LOADER = "$(TEST_HOST)";
				CODE_SIGN_STYLE = Automatic;
				DEVELOPMENT_TEAM = 9VT3LGCX93;
				INFOPLIST_FILE = SnapEngageTests/Info.plist;
				IPHONEOS_DEPLOYMENT_TARGET = 13.4;
				LD_RUNPATH_SEARCH_PATHS = (
					"$(inherited)",
					"@executable_path/Frameworks",
					"@loader_path/Frameworks",
				);
				PRODUCT_BUNDLE_IDENTIFIER = com.attrecto.SnapEngageTests;
				PRODUCT_NAME = "$(TARGET_NAME)";
				SWIFT_VERSION = 5.0;
				TARGETED_DEVICE_FAMILY = "1,2";
				TEST_HOST = "$(BUILT_PRODUCTS_DIR)/SnapEngage.app/SnapEngage";
			};
			name = Stage;
		};
/* End XCBuildConfiguration section */

/* Begin XCConfigurationList section */
		FF4B5B212434A350002C0B92 /* Build configuration list for PBXProject "SnapEngage" */ = {
			isa = XCConfigurationList;
			buildConfigurations = (
				FF4B5B5D2434A350002C0B92 /* Debug */,
				FF4B5B5E2434A350002C0B92 /* Release */,
				FF4B5B5F2434A350002C0B92 /* Stage */,
			);
			defaultConfigurationIsVisible = 0;
			defaultConfigurationName = Release;
		};
		FF4B5B602434A350002C0B92 /* Build configuration list for PBXNativeTarget "SnapEngage" */ = {
			isa = XCConfigurationList;
			buildConfigurations = (
				FF4B5B612434A350002C0B92 /* Debug */,
				FF4B5B622434A350002C0B92 /* Release */,
				FF4B5B632434A350002C0B92 /* Stage */,
			);
			defaultConfigurationIsVisible = 0;
			defaultConfigurationName = Release;
		};
		FF4B5B642434A350002C0B92 /* Build configuration list for PBXNativeTarget "SnapEngageTests" */ = {
			isa = XCConfigurationList;
			buildConfigurations = (
				FF4B5B652434A350002C0B92 /* Debug */,
				FF4B5B662434A350002C0B92 /* Release */,
				FF4B5B672434A350002C0B92 /* Stage */,
			);
			defaultConfigurationIsVisible = 0;
			defaultConfigurationName = Release;
		};
/* End XCConfigurationList section */
	};
	rootObject = FF4B5B1E2434A350002C0B92 /* Project object */;
}
